
Microsoft Visual Studio Solution File, Format Version 12.00
# Visual Studio 14
VisualStudioVersion = 14.0.25420.1
MinimumVisualStudioVersion = 10.0.40219.1
Project("{FAE04EC0-301F-11D3-BF4B-00C04F79EFBC}") = "WcfDemo", "WcfDemo\WcfDemo.csproj", "{732C4504-B8C9-474E-8699-8499DBA00AE5}"
EndProject
Project("{FAE04EC0-301F-11D3-BF4B-00C04F79EFBC}") = "WCFNonSSL", "WCFNonSSL\WCFNonSSL.csproj", "{987824AE-8F48-4ECC-A17E-EF060D41B1A3}"
EndProject
Project("{FAE04EC0-301F-11D3-BF4B-00C04F79EFBC}") = "WCFVerySecure", "WCFVerySecure\WCFVerySecure.csproj", "{3D26340F-3557-4CA3-9695-98E4A40982F0}"
EndProject
Project("{FAE04EC0-301F-11D3-BF4B-00C04F79EFBC}") = "WCFVerySecureClient", "WCFVerySecureClient\WCFVerySecureClient.csproj", "{C3738EEA-322F-4EB7-BD38-BE9AA205C8EE}"
	ProjectSection(ProjectDependencies) = postProject
		{3D26340F-3557-4CA3-9695-98E4A40982F0} = {3D26340F-3557-4CA3-9695-98E4A40982F0}
	EndProjectSection
EndProject
Project("{FAE04EC0-301F-11D3-BF4B-00C04F79EFBC}") = "WCFNonSSLClient", "WCFNonSSLClient\WCFNonSSLClient.csproj", "{BF20FE4D-F960-4CF0-A743-0C49A8F8A7C8}"
	ProjectSection(ProjectDependencies) = postProject
		{987824AE-8F48-4ECC-A17E-EF060D41B1A3} = {987824AE-8F48-4ECC-A17E-EF060D41B1A3}
	EndProjectSection
EndProject
Project("{FAE04EC0-301F-11D3-BF4B-00C04F79EFBC}") = "WcfNonSSL_WebClient", "WcfNonSSL_WebClient\WcfNonSSL_WebClient.csproj", "{5ABE3FEF-B424-4F76-93BD-6527CE705E98}"
EndProject
Project("{F184B08F-C81C-45F6-A57F-5ABD9991F28F}") = "CalculatorLib", "CalculatorLib\CalculatorLib.vbproj", "{CFD1F390-8670-43DB-B8DA-A171C19B8094}"
EndProject
Project("{FAE04EC0-301F-11D3-BF4B-00C04F79EFBC}") = "BoxUnbox", "BoxUnbox\BoxUnbox.csproj", "{E96965C5-2A67-4A48-8BFA-CB0ED8E70E0B}"
EndProject
Project("{FAE04EC0-301F-11D3-BF4B-00C04F79EFBC}") = "Staircase", "Staircase\Staircase.csproj", "{EC83BA7E-DE7A-4039-BA34-C8F1C17F8561}"
EndProject
Project("{FAE04EC0-301F-11D3-BF4B-00C04F79EFBC}") = "LonelyInteger", "LonelyInteger\LonelyInteger.csproj", "{D5A0DED2-56BF-454B-A5F4-13246A1B61BB}"
EndProject
Project("{FAE04EC0-301F-11D3-BF4B-00C04F79EFBC}") = "LonelyIntegerV4.6.1", "LonelyIntegerV4.6.1\LonelyIntegerV4.6.1.csproj", "{E21F470F-8AE8-483D-B6FB-03386D190146}"
EndProject
Project("{FAE04EC0-301F-11D3-BF4B-00C04F79EFBC}") = "StaircaseV4.6.1", "StaircaseV4.6.1\StaircaseV4.6.1.csproj", "{102F57CB-A4DE-47F4-B5FB-83B826F7B65A}"
EndProject
Project("{FAE04EC0-301F-11D3-BF4B-00C04F79EFBC}") = "TestBoxingUnboxing1", "TestBoxingUnboxing1\TestBoxingUnboxing1.csproj", "{B1733593-9611-40B8-90ED-609D2C75C9D9}"
EndProject
Global
	GlobalSection(SolutionConfigurationPlatforms) = preSolution
		Debug|Any CPU = Debug|Any CPU
		Release|Any CPU = Release|Any CPU
	EndGlobalSection
	GlobalSection(ProjectConfigurationPlatforms) = postSolution
		{732C4504-B8C9-474E-8699-8499DBA00AE5}.Debug|Any CPU.ActiveCfg = Debug|Any CPU
		{732C4504-B8C9-474E-8699-8499DBA00AE5}.Debug|Any CPU.Build.0 = Debug|Any CPU
		{732C4504-B8C9-474E-8699-8499DBA00AE5}.Release|Any CPU.ActiveCfg = Release|Any CPU
		{732C4504-B8C9-474E-8699-8499DBA00AE5}.Release|Any CPU.Build.0 = Release|Any CPU
		{987824AE-8F48-4ECC-A17E-EF060D41B1A3}.Debug|Any CPU.ActiveCfg = Debug|Any CPU
		{987824AE-8F48-4ECC-A17E-EF060D41B1A3}.Debug|Any CPU.Build.0 = Debug|Any CPU
		{987824AE-8F48-4ECC-A17E-EF060D41B1A3}.Release|Any CPU.ActiveCfg = Release|Any CPU
		{987824AE-8F48-4ECC-A17E-EF060D41B1A3}.Release|Any CPU.Build.0 = Release|Any CPU
		{3D26340F-3557-4CA3-9695-98E4A40982F0}.Debug|Any CPU.ActiveCfg = Debug|Any CPU
		{3D26340F-3557-4CA3-9695-98E4A40982F0}.Debug|Any CPU.Build.0 = Debug|Any CPU
		{3D26340F-3557-4CA3-9695-98E4A40982F0}.Release|Any CPU.ActiveCfg = Release|Any CPU
		{3D26340F-3557-4CA3-9695-98E4A40982F0}.Release|Any CPU.Build.0 = Release|Any CPU
		{C3738EEA-322F-4EB7-BD38-BE9AA205C8EE}.Debug|Any CPU.ActiveCfg = Debug|Any CPU
		{C3738EEA-322F-4EB7-BD38-BE9AA205C8EE}.Debug|Any CPU.Build.0 = Debug|Any CPU
		{C3738EEA-322F-4EB7-BD38-BE9AA205C8EE}.Release|Any CPU.ActiveCfg = Release|Any CPU
		{C3738EEA-322F-4EB7-BD38-BE9AA205C8EE}.Release|Any CPU.Build.0 = Release|Any CPU
		{BF20FE4D-F960-4CF0-A743-0C49A8F8A7C8}.Debug|Any CPU.ActiveCfg = Debug|Any CPU
		{BF20FE4D-F960-4CF0-A743-0C49A8F8A7C8}.Debug|Any CPU.Build.0 = Debug|Any CPU
		{BF20FE4D-F960-4CF0-A743-0C49A8F8A7C8}.Release|Any CPU.ActiveCfg = Release|Any CPU
		{BF20FE4D-F960-4CF0-A743-0C49A8F8A7C8}.Release|Any CPU.Build.0 = Release|Any CPU
		{5ABE3FEF-B424-4F76-93BD-6527CE705E98}.Debug|Any CPU.ActiveCfg = Debug|Any CPU
		{5ABE3FEF-B424-4F76-93BD-6527CE705E98}.Debug|Any CPU.Build.0 = Debug|Any CPU
		{5ABE3FEF-B424-4F76-93BD-6527CE705E98}.Release|Any CPU.ActiveCfg = Release|Any CPU
		{5ABE3FEF-B424-4F76-93BD-6527CE705E98}.Release|Any CPU.Build.0 = Release|Any CPU
		{CFD1F390-8670-43DB-B8DA-A171C19B8094}.Debug|Any CPU.ActiveCfg = Debug|Any CPU
		{CFD1F390-8670-43DB-B8DA-A171C19B8094}.Debug|Any CPU.Build.0 = Debug|Any CPU
		{CFD1F390-8670-43DB-B8DA-A171C19B8094}.Release|Any CPU.ActiveCfg = Release|Any CPU
		{CFD1F390-8670-43DB-B8DA-A171C19B8094}.Release|Any CPU.Build.0 = Release|Any CPU
		{E96965C5-2A67-4A48-8BFA-CB0ED8E70E0B}.Debug|Any CPU.ActiveCfg = Debug|Any CPU
		{E96965C5-2A67-4A48-8BFA-CB0ED8E70E0B}.Debug|Any CPU.Build.0 = Debug|Any CPU
		{E96965C5-2A67-4A48-8BFA-CB0ED8E70E0B}.Release|Any CPU.ActiveCfg = Release|Any CPU
		{E96965C5-2A67-4A48-8BFA-CB0ED8E70E0B}.Release|Any CPU.Build.0 = Release|Any CPU
		{EC83BA7E-DE7A-4039-BA34-C8F1C17F8561}.Debug|Any CPU.ActiveCfg = Debug|Any CPU
		{EC83BA7E-DE7A-4039-BA34-C8F1C17F8561}.Debug|Any CPU.Build.0 = Debug|Any CPU
		{EC83BA7E-DE7A-4039-BA34-C8F1C17F8561}.Release|Any CPU.ActiveCfg = Release|Any CPU
		{EC83BA7E-DE7A-4039-BA34-C8F1C17F8561}.Release|Any CPU.Build.0 = Release|Any CPU
		{D5A0DED2-56BF-454B-A5F4-13246A1B61BB}.Debug|Any CPU.ActiveCfg = Debug|Any CPU
		{D5A0DED2-56BF-454B-A5F4-13246A1B61BB}.Debug|Any CPU.Build.0 = Debug|Any CPU
		{D5A0DED2-56BF-454B-A5F4-13246A1B61BB}.Release|Any CPU.ActiveCfg = Release|Any CPU
		{D5A0DED2-56BF-454B-A5F4-13246A1B61BB}.Release|Any CPU.Build.0 = Release|Any CPU
		{E21F470F-8AE8-483D-B6FB-03386D190146}.Debug|Any CPU.ActiveCfg = Debug|Any CPU
		{E21F470F-8AE8-483D-B6FB-03386D190146}.Debug|Any CPU.Build.0 = Debug|Any CPU
		{E21F470F-8AE8-483D-B6FB-03386D190146}.Release|Any CPU.ActiveCfg = Release|Any CPU
		{E21F470F-8AE8-483D-B6FB-03386D190146}.Release|Any CPU.Build.0 = Release|Any CPU
		{102F57CB-A4DE-47F4-B5FB-83B826F7B65A}.Debug|Any CPU.ActiveCfg = Debug|Any CPU
		{102F57CB-A4DE-47F4-B5FB-83B826F7B65A}.Debug|Any CPU.Build.0 = Debug|Any CPU
		{102F57CB-A4DE-47F4-B5FB-83B826F7B65A}.Release|Any CPU.ActiveCfg = Release|Any CPU
		{102F57CB-A4DE-47F4-B5FB-83B826F7B65A}.Release|Any CPU.Build.0 = Release|Any CPU
		{B1733593-9611-40B8-90ED-609D2C75C9D9}.Debug|Any CPU.ActiveCfg = Debug|Any CPU
		{B1733593-9611-40B8-90ED-609D2C75C9D9}.Debug|Any CPU.Build.0 = Debug|Any CPU
		{B1733593-9611-40B8-90ED-609D2C75C9D9}.Release|Any CPU.ActiveCfg = Release|Any CPU
		{B1733593-9611-40B8-90ED-609D2C75C9D9}.Release|Any CPU.Build.0 = Release|Any CPU
	EndGlobalSection
	GlobalSection(SolutionProperties) = preSolution
		HideSolutionNode = FALSE
	EndGlobalSection
EndGlobal
